
Microsoft Visual Studio Solution File, Format Version 12.00
# Visual Studio Version 16
VisualStudioVersion = 16.0.31624.102
MinimumVisualStudioVersion = 10.0.40219.1
Project("{FAE04EC0-301F-11D3-BF4B-00C04F79EFBC}") = "eTickets", "eTickets\eTickets.csproj", "{14957E38-01CE-4340-8B45-BB1A571A44B9}"
EndProject
Global
	GlobalSection(SolutionConfigurationPlatforms) = preSolution
		Debug|Any CPU = Debug|Any CPU
		Release|Any CPU = Release|Any CPU
	EndGlobalSection
	GlobalSection(ProjectConfigurationPlatforms) = postSolution
		{14957E38-01CE-4340-8B45-BB1A571A44B9}.Debug|Any CPU.ActiveCfg = Debug|Any CPU
		{14957E38-01CE-4340-8B45-BB1A571A44B9}.Debug|Any CPU.Build.0 = Debug|Any CPU
		{14957E38-01CE-4340-8B45-BB1A571A44B9}.Release|Any CPU.ActiveCfg = Release|Any CPU
		{14957E38-01CE-4340-8B45-BB1A571A44B9}.Release|Any CPU.Build.0 = Release|Any CPU
	EndGlobalSection
	GlobalSection(SolutionProperties) = preSolution
		HideSolutionNode = FALSE
	EndGlobalSection
	GlobalSection(ExtensibilityGlobals) = postSolution
		SolutionGuid = {8E6FC19B-B4B6-4316-8A6F-06CED1B55AD3}
	EndGlobalSection
EndGlobal
